
Microsoft Visual Studio Solution File, Format Version 12.00
Project("{FAE04EC0-301F-11D3-BF4B-00C04F79EFBC}") = "ShinyWonderland", "ShinyWonderland\ShinyWonderland.csproj", "{E0189B3C-3C73-461C-A3C3-66C1085D66DD}"
EndProject
Project("{2150E333-8FDC-42A3-9474-1A3956D46DE8}") = "Solution", "Solution", "{361252EA-15D1-4FAC-ABCD-1A16365F9AFF}"
	ProjectSection(SolutionItems) = preProject
		readme.md = readme.md
		themeparkapi.http = themeparkapi.http
	EndProjectSection
EndProject
Global
	GlobalSection(SolutionConfigurationPlatforms) = preSolution
		Debug|Any CPU = Debug|Any CPU
		Release|Any CPU = Release|Any CPU
	EndGlobalSection
	GlobalSection(ProjectConfigurationPlatforms) = postSolution
		{E0189B3C-3C73-461C-A3C3-66C1085D66DD}.Debug|Any CPU.ActiveCfg = Debug|Any CPU
		{E0189B3C-3C73-461C-A3C3-66C1085D66DD}.Debug|Any CPU.Build.0 = Debug|Any CPU
		{E0189B3C-3C73-461C-A3C3-66C1085D66DD}.Release|Any CPU.ActiveCfg = Release|Any CPU
		{E0189B3C-3C73-461C-A3C3-66C1085D66DD}.Release|Any CPU.Build.0 = Release|Any CPU
	EndGlobalSection
EndGlobal
